# This file is automatically @generated by Cargo.
# It is not intended for manual editing.
version = 4

[[package]]
name = "machine-god-cli"
version = "0.1.0"
dependencies = [
 "machine-god-core",
 "machine-god-native",
]

[[package]]
name = "machine-god-core"
version = "0.1.0"

[[package]]
name = "machine-god-native"
version = "0.1.0"
dependencies = [
 "machine-god-core",
]

[[package]]
name = "machine-god-testkit"
version = "0.1.0"
dependencies = [
 "machine-god-core",
]
